
Microsoft Visual Studio Solution File, Format Version 12.00
# Visual Studio Version 16
VisualStudioVersion = 16.0.30907.101
MinimumVisualStudioVersion = 10.0.40219.1
Project("{FAE04EC0-301F-11D3-BF4B-00C04F79EFBC}") = "SkuVaultApiWrapper", "SkuVaultApiWrapper\SkuVaultApiWrapper.csproj", "{F3D88ECF-1122-459D-B570-81C6B905E8F9}"
EndProject
Project("{FAE04EC0-301F-11D3-BF4B-00C04F79EFBC}") = "SkuVaultApiWrapperTest", "SkuVaultApiWrapperTest\SkuVaultApiWrapperTest.csproj", "{B97BF078-9832-4183-9073-73C27103BDAC}"
EndProject
Global
	GlobalSection(SolutionConfigurationPlatforms) = preSolution
		Debug|Any CPU = Debug|Any CPU
		Release|Any CPU = Release|Any CPU
	EndGlobalSection
	GlobalSection(ProjectConfigurationPlatforms) = postSolution
		{F3D88ECF-1122-459D-B570-81C6B905E8F9}.Debug|Any CPU.ActiveCfg = Debug|Any CPU
		{F3D88ECF-1122-459D-B570-81C6B905E8F9}.Debug|Any CPU.Build.0 = Debug|Any CPU
		{F3D88ECF-1122-459D-B570-81C6B905E8F9}.Release|Any CPU.ActiveCfg = Release|Any CPU
		{F3D88ECF-1122-459D-B570-81C6B905E8F9}.Release|Any CPU.Build.0 = Release|Any CPU
		{B97BF078-9832-4183-9073-73C27103BDAC}.Debug|Any CPU.ActiveCfg = Debug|Any CPU
		{B97BF078-9832-4183-9073-73C27103BDAC}.Debug|Any CPU.Build.0 = Debug|Any CPU
		{B97BF078-9832-4183-9073-73C27103BDAC}.Release|Any CPU.ActiveCfg = Release|Any CPU
		{B97BF078-9832-4183-9073-73C27103BDAC}.Release|Any CPU.Build.0 = Release|Any CPU
	EndGlobalSection
	GlobalSection(SolutionProperties) = preSolution
		HideSolutionNode = FALSE
	EndGlobalSection
	GlobalSection(ExtensibilityGlobals) = postSolution
		SolutionGuid = {FBCB54B5-EBF9-4D98-9BF5-48AAC2F49774}
	EndGlobalSection
EndGlobal
